
Microsoft Visual Studio Solution File, Format Version 12.00
# Visual Studio Version 17
VisualStudioVersion = 17.5.33530.505
MinimumVisualStudioVersion = 10.0.40219.1
Project("{FAE04EC0-301F-11D3-BF4B-00C04F79EFBC}") = "SistemaVenda", "SistemaVenda.csproj", "{ACEA908A-747A-4028-AE1F-47ED50F1E64B}"
EndProject
Global
	GlobalSection(SolutionConfigurationPlatforms) = preSolution
		Debug|Any CPU = Debug|Any CPU
		Release|Any CPU = Release|Any CPU
	EndGlobalSection
	GlobalSection(ProjectConfigurationPlatforms) = postSolution
		{ACEA908A-747A-4028-AE1F-47ED50F1E64B}.Debug|Any CPU.ActiveCfg = Debug|Any CPU
		{ACEA908A-747A-4028-AE1F-47ED50F1E64B}.Debug|Any CPU.Build.0 = Debug|Any CPU
		{ACEA908A-747A-4028-AE1F-47ED50F1E64B}.Release|Any CPU.ActiveCfg = Release|Any CPU
		{ACEA908A-747A-4028-AE1F-47ED50F1E64B}.Release|Any CPU.Build.0 = Release|Any CPU
	EndGlobalSection
	GlobalSection(SolutionProperties) = preSolution
		HideSolutionNode = FALSE
	EndGlobalSection
	GlobalSection(ExtensibilityGlobals) = postSolution
		SolutionGuid = {7278995D-6542-444B-BB07-B4606BDC8931}
	EndGlobalSection
EndGlobal
